Microsoft Visual Studio Solution File, Format Version 11.00
# Visual Studio 2008

Project("{6004A6D4-26AF-02A5-F44B-98CA68413BF7}") = "SharedBartenderGame", "Assembly-CSharp-firstpass.csproj", "{EA5E3CA4-18E8-2429-DEBE-43B0DE9F0E2F}"
EndProject
Project("{6004A6D4-26AF-02A5-F44B-98CA68413BF7}") = "SharedBartenderGame", "Assembly-CSharp-Editor.csproj", "{3D6425F2-16E8-9181-C711-60BC26BF5E37}"
EndProject
Global
	GlobalSection(SolutionConfigurationPlatforms) = preSolution
		Debug|Any CPU = Debug|Any CPU
		Release|Any CPU = Release|Any CPU
	EndGlobalSection
	GlobalSection(ProjectConfigurationPlatforms) = postSolution
		{EA5E3CA4-18E8-2429-DEBE-43B0DE9F0E2F}.Debug|Any CPU.ActiveCfg = Debug|Any CPU
		{EA5E3CA4-18E8-2429-DEBE-43B0DE9F0E2F}.Debug|Any CPU.Build.0 = Debug|Any CPU
		{EA5E3CA4-18E8-2429-DEBE-43B0DE9F0E2F}.Release|Any CPU.ActiveCfg = Release|Any CPU
		{EA5E3CA4-18E8-2429-DEBE-43B0DE9F0E2F}.Release|Any CPU.Build.0 = Release|Any CPU
		{3D6425F2-16E8-9181-C711-60BC26BF5E37}.Debug|Any CPU.ActiveCfg = Debug|Any CPU
		{3D6425F2-16E8-9181-C711-60BC26BF5E37}.Debug|Any CPU.Build.0 = Debug|Any CPU
		{3D6425F2-16E8-9181-C711-60BC26BF5E37}.Release|Any CPU.ActiveCfg = Release|Any CPU
		{3D6425F2-16E8-9181-C711-60BC26BF5E37}.Release|Any CPU.Build.0 = Release|Any CPU
	EndGlobalSection
	GlobalSection(SolutionProperties) = preSolution
		HideSolutionNode = FALSE
	EndGlobalSection
	GlobalSection(MonoDevelopProperties) = preSolution
		StartupItem = Assembly-CSharp.csproj
	EndGlobalSection
EndGlobal
