
Microsoft Visual Studio Solution File, Format Version 12.00
# Visual Studio 2015
Project("{FAE04EC0-301F-11D3-BF4B-00C04F79EFBC}") = "SharedBartenderGame.Plugins", "SharedBartenderGame.Plugins.csproj", "{D2DB71A4-AA5C-F896-6EE4-D504C4B45B3D}"
EndProject
Project("{FAE04EC0-301F-11D3-BF4B-00C04F79EFBC}") = "SharedBartenderGame", "SharedBartenderGame.csproj", "{B3B50924-AD6A-FCB6-9470-8D2A58790B2D}"
EndProject
Project("{FAE04EC0-301F-11D3-BF4B-00C04F79EFBC}") = "SharedBartenderGame.Editor", "SharedBartenderGame.Editor.csproj", "{DD43588F-A388-6CF8-6FAF-BC08C5CBEFF6}"
EndProject
Global
	GlobalSection(SolutionConfigurationPlatforms) = preSolution
		Debug|Any CPU = Debug|Any CPU
		Release|Any CPU = Release|Any CPU
	EndGlobalSection
	GlobalSection(ProjectConfigurationPlatforms) = postSolution
		{D2DB71A4-AA5C-F896-6EE4-D504C4B45B3D}.Debug|Any CPU.ActiveCfg = Debug|Any CPU
		{D2DB71A4-AA5C-F896-6EE4-D504C4B45B3D}.Debug|Any CPU.Build.0 = Debug|Any CPU
		{D2DB71A4-AA5C-F896-6EE4-D504C4B45B3D}.Release|Any CPU.ActiveCfg = Release|Any CPU
		{D2DB71A4-AA5C-F896-6EE4-D504C4B45B3D}.Release|Any CPU.Build.0 = Release|Any CPU
		{B3B50924-AD6A-FCB6-9470-8D2A58790B2D}.Debug|Any CPU.ActiveCfg = Debug|Any CPU
		{B3B50924-AD6A-FCB6-9470-8D2A58790B2D}.Debug|Any CPU.Build.0 = Debug|Any CPU
		{B3B50924-AD6A-FCB6-9470-8D2A58790B2D}.Release|Any CPU.ActiveCfg = Release|Any CPU
		{B3B50924-AD6A-FCB6-9470-8D2A58790B2D}.Release|Any CPU.Build.0 = Release|Any CPU
		{DD43588F-A388-6CF8-6FAF-BC08C5CBEFF6}.Debug|Any CPU.ActiveCfg = Debug|Any CPU
		{DD43588F-A388-6CF8-6FAF-BC08C5CBEFF6}.Debug|Any CPU.Build.0 = Debug|Any CPU
		{DD43588F-A388-6CF8-6FAF-BC08C5CBEFF6}.Release|Any CPU.ActiveCfg = Release|Any CPU
		{DD43588F-A388-6CF8-6FAF-BC08C5CBEFF6}.Release|Any CPU.Build.0 = Release|Any CPU
	EndGlobalSection
	GlobalSection(SolutionProperties) = preSolution
		HideSolutionNode = FALSE
	EndGlobalSection
EndGlobal
